// !$*UTF8*$!
{
	archiveVersion = 1;
	classes = {
	};
	objectVersion = 46;
	objects = {

/* Begin PBXBuildFile section */
		C449C4261DE5457800068207 /* AppDelegate.swift in Sources */ = {isa = PBXBuildFile; fileRef = C449C4251DE5457800068207 /* AppDelegate.swift */; };
		C449C4281DE5457800068207 /* ViewController.swift in Sources */ = {isa = PBXBuildFile; fileRef = C449C4271DE5457800068207 /* ViewController.swift */; };
		C449C42B1DE5457800068207 /* Main.storyboard in Resources */ = {isa = PBXBuildFile; fileRef = C449C4291DE5457800068207 /* Main.storyboard */; };
		C449C42D1DE5457800068207 /* Assets.xcassets in Resources */ = {isa = PBXBuildFile; fileRef = C449C42C1DE5457800068207 /* Assets.xcassets */; };
		C449C4301DE5457800068207 /* LaunchScreen.storyboard in Resources */ = {isa = PBXBuildFile; fileRef = C449C42E1DE5457800068207 /* LaunchScreen.storyboard */; };
/* End PBXBuildFile section */

/* Begin PBXFileReference section */
		C449C4221DE5457800068207 /* Cat Years App.app */ = {isa = PBXFileReference; explicitFileType = wrapper.application; includeInIndex = 0; path = "Cat Years App.app"; sourceTree = BUILT_PRODUCTS_DIR; };
		C449C4251DE5457800068207 /* AppDelegate.swift */ = {isa = PBXFileReference; lastKnownFileType = sourcecode.swift; path = AppDelegate.swift; sourceTree = "<group>"; };
		C449C4271DE5457800068207 /* ViewController.swift */ = {isa = PBXFileReference; lastKnownFileType = sourcecode.swift; path = ViewController.swift; sourceTree = "<group>"; };
		C449C42A1DE5457800068207 /* Base */ = {isa = PBXFileReference; lastKnownFileType = file.storyboard; name = Base; path = Base.lproj/Main.storyboard; sourceTree = "<group>"; };
		C449C42C1DE5457800068207 /* Assets.xcassets */ = {isa = PBXFileReference; lastKnownFileType = folder.assetcatalog; path = Assets.xcassets; sourceTree = "<group>"; };
		C449C42F1DE5457800068207 /* Base */ = {isa = PBXFileReference; lastKnownFileType = file.storyboard; name = Base; path = Base.lproj/LaunchScreen.storyboard; sourceTree = "<group>"; };
		C449C4311DE5457800068207 /* Info.plist */ = {isa = PBXFileReference; lastKnownFileType = text.plist.xml; path = Info.plist; sourceTree = "<group>"; };
/* End PBXFileReference section */

/* Begin PBXFrameworksBuildPhase section */
		C449C41F1DE5457800068207 /* Frameworks */ = {
			isa = PBXFrameworksBuildPhase;
			buildActionMask = 2147483647;
			files = (
			);
			runOnlyForDeploymentPostprocessing = 0;
		};
/* End PBXFrameworksBuildPhase section */

/* Begin PBXGroup section */
		C449C4191DE5457800068207 = {
			isa = PBXGroup;
			children = (
				C449C4241DE5457800068207 /* Cat Years App */,
				C449C4231DE5457800068207 /* Products */,
			);
			sourceTree = "<group>";
		};
		C449C4231DE5457800068207 /* Products */ = {
			isa = PBXGroup;
			children = (
				C449C4221DE5457800068207 /* Cat Years App.app */,
			);
			name = Products;
			sourceTree = "<group>";
		};
		C449C4241DE5457800068207 /* Cat Years App */ = {
			isa = PBXGroup;
			children = (
				C449C4251DE5457800068207 /* AppDelegate.swift */,
				C449C4271DE5457800068207 /* ViewController.swift */,
				C449C4291DE5457800068207 /* Main.storyboard */,
				C449C42C1DE5457800068207 /* Assets.xcassets */,
				C449C42E1DE5457800068207 /* LaunchScreen.storyboard */,
				C449C4311DE5457800068207 /* Info.plist */,
			);
			path = "Cat Years App";
			sourceTree = "<group>";
		};
/* End PBXGroup section */

/* Begin PBXNativeTarget section */
		C449C4211DE5457800068207 /* Cat Years App */ = {
			isa = PBXNativeTarget;
			buildConfigurationList = C449C4341DE5457800068207 /* Build configuration list for PBXNativeTarget "Cat Years App" */;
			buildPhases = (
				C449C41E1DE5457800068207 /* Sources */,
				C449C41F1DE5457800068207 /* Frameworks */,
				C449C4201DE5457800068207 /* Resources */,
			);
			buildRules = (
			);
			dependencies = (
			);
			name = "Cat Years App";
			productName = "Cat Years App";
			productReference = C449C4221DE5457800068207 /* Cat Years App.app */;
			productType = "com.apple.product-type.application";
		};
/* End PBXNativeTarget section */

/* Begin PBXProject section */
		C449C41A1DE5457800068207 /* Project object */ = {
			isa = PBXProject;
			attributes = {
				LastSwiftUpdateCheck = 0810;
				LastUpgradeCheck = 0810;
				ORGANIZATIONNAME = "Andrew montgomery";
				TargetAttributes = {
					C449C4211DE5457800068207 = {
						CreatedOnToolsVersion = 8.1;
						DevelopmentTeam = RRX4B88DUB;
						ProvisioningStyle = Automatic;
					};
				};
			};
			buildConfigurationList = C449C41D1DE5457800068207 /* Build configuration list for PBXProject "Cat Years App" */;
			compatibilityVersion = "Xcode 3.2";
			developmentRegion = English;
			hasScannedForEncodings = 0;
			knownRegions = (
				en,
				Base,
			);
			mainGroup = C449C4191DE5457800068207;
			productRefGroup = C449C4231DE5457800068207 /* Products */;
			projectDirPath = "";
			projectRoot = "";
			targets = (
				C449C4211DE5457800068207 /* Cat Years App */,
			);
		};
/* End PBXProject section */

/* Begin PBXResourcesBuildPhase section */
		C449C4201DE5457800068207 /* Resources */ = {
			isa = PBXResourcesBuildPhase;
			buildActionMask = 2147483647;
			files = (
				C449C4301DE5457800068207 /* LaunchScreen.storyboard in Resources */,
				C449C42D1DE5457800068207 /* Assets.xcassets in Resources */,
				C449C42B1DE5457800068207 /* Main.storyboard in Resources */,
			);
			runOnlyForDeploymentPostprocessing = 0;
		};
/* End PBXResourcesBuildPhase section */

/* Begin PBXSourcesBuildPhase section */
		C449C41E1DE5457800068207 /* Sources */ = {
			isa = PBXSourcesBuildPhase;
			buildActionMask = 2147483647;
			files = (
				C449C4281DE5457800068207 /* ViewController.swift in Sources */,
				C449C4261DE5457800068207 /* AppDelegate.swift in Sources */,
			);
			runOnlyForDeploymentPostprocessing = 0;
		};
/* End PBXSourcesBuildPhase section */

/* Begin PBXVariantGroup section */
		C449C4291DE5457800068207 /* Main.storyboard */ = {
			isa = PBXVariantGroup;
			children = (
				C449C42A1DE5457800068207 /* Base */,
			);
			name = Main.storyboard;
			sourceTree = "<group>";
		};
		C449C42E1DE5457800068207 /* LaunchScreen.storyboard */ = {
			isa = PBXVariantGroup;
			children = (
				C449C42F1DE5457800068207 /* Base */,
			);
			name = LaunchScreen.storyboard;
			sourceTree = "<group>";
		};
/* End PBXVariantGroup section */

/* Begin XCBuildConfiguration section */
		C449C4321DE5457800068207 /* Debug */ = {
			isa = XCBuildConfiguration;
			buildSettings = {
				ALWAYS_SEARCH_USER_PATHS = NO;
				CLANG_ANALYZER_NONNULL = YES;
				CLANG_CXX_LANGUAGE_STANDARD = "gnu++0x";
				CLANG_CXX_LIBRARY = "libc++";
				CLANG_ENABLE_MODULES = YES;
				CLANG_ENABLE_OBJC_ARC = YES;
				CLANG_WARN_BOOL_CONVERSION = YES;
				CLANG_WARN_CONSTANT_CONVERSION = YES;
				CLANG_WARN_DIRECT_OBJC_ISA_USAGE = YES_ERROR;
				CLANG_WARN_DOCUMENTATION_COMMENTS = YES;
				CLANG_WARN_EMPTY_BODY = YES;
				CLANG_WARN_ENUM_CONVERSION = YES;
				CLANG_WARN_INFINITE_RECURSION = YES;
				CLANG_WARN_INT_CONVERSION = YES;
				CLANG_WARN_OBJC_ROOT_CLASS = YES_ERROR;
				CLANG_WARN_SUSPICIOUS_MOVES = YES;
				CLANG_WARN_UNREACHABLE_CODE = YES;
				CLANG_WARN__DUPLICATE_METHOD_MATCH = YES;
				"CODE_SIGN_IDENTITY[sdk=iphoneos*]" = "iPhone Developer";
				COPY_PHASE_STRIP = NO;
				DEBUG_INFORMATION_FORMAT = dwarf;
				ENABLE_STRICT_OBJC_MSGSEND = YES;
				ENABLE_TESTABILITY = YES;
				GCC_C_LANGUAGE_STANDARD = gnu99;
				GCC_DYNAMIC_NO_PIC = NO;
				GCC_NO_COMMON_BLOCKS = YES;
				GCC_OPTIMIZATION_LEVEL = 0;
				GCC_PREPROCESSOR_DEFINITIONS = (
					"DEBUG=1",
					"$(inherited)",
				);
				GCC_WARN_64_TO_32_BIT_CONVERSION = YES;
				GCC_WARN_ABOUT_RETURN_TYPE = YES_ERROR;
				GCC_WARN_UNDECLARED_SELECTOR = YES;
				GCC_WARN_UNINITIALIZED_AUTOS = YES_AGGRESSIVE;
				GCC_WARN_UNUSED_FUNCTION = YES;
				GCC_WARN_UNUSED_VARIABLE = YES;
				IPHONEOS_DEPLOYMENT_TARGET = 10.1;
				MTL_ENABLE_DEBUG_INFO = YES;
				ONLY_ACTIVE_ARCH = YES;
				SDKROOT = iphoneos;
				SWIFT_ACTIVE_COMPILATION_CONDITIONS = DEBUG;
				SWIFT_OPTIMIZATION_LEVEL = "-Onone";
			};
			name = Debug;
		};
		C449C4331DE5457800068207 /* Release */ = {
			isa = XCBuildConfiguration;
			buildSettings = {
				ALWAYS_SEARCH_USER_PATHS = NO;
				CLANG_ANALYZER_NONNULL = YES;
				CLANG_CXX_LANGUAGE_STANDARD = "gnu++0x";
				CLANG_CXX_LIBRARY = "libc++";
				CLANG_ENABLE_MODULES = YES;
				CLANG_ENABLE_OBJC_ARC = YES;
				CLANG_WARN_BOOL_CONVERSION = YES;
				CLANG_WARN_CONSTANT_CONVERSION = YES;
				CLANG_WARN_DIRECT_OBJC_ISA_USAGE = YES_ERROR;
				CLANG_WARN_DOCUMENTATION_COMMENTS = YES;
				CLANG_WARN_EMPTY_BODY = YES;
				CLANG_WARN_ENUM_CONVERSION = YES;
				CLANG_WARN_INFINITE_RECURSION = YES;
				CLANG_WARN_INT_CONVERSION = YES;
				CLANG_WARN_OBJC_ROOT_CLASS = YES_ERROR;
				CLANG_WARN_SUSPICIOUS_MOVES = YES;
				CLANG_WARN_UNREACHABLE_CODE = YES;
				CLANG_WARN__DUPLICATE_METHOD_MATCH = YES;
				"CODE_SIGN_IDENTITY[sdk=iphoneos*]" = "iPhone Developer";
				COPY_PHASE_STRIP = NO;
				DEBUG_INFORMATION_FORMAT = "dwarf-with-dsym";
				ENABLE_NS_ASSERTIONS = NO;
				ENABLE_STRICT_OBJC_MSGSEND = YES;
				GCC_C_LANGUAGE_STANDARD = gnu99;
				GCC_NO_COMMON_BLOCKS = YES;
				GCC_WARN_64_TO_32_BIT_CONVERSION = YES;
				GCC_WARN_ABOUT_RETURN_TYPE = YES_ERROR;
				GCC_WARN_UNDECLARED_SELECTOR = YES;
				GCC_WARN_UNINITIALIZED_AUTOS = YES_AGGRESSIVE;
				GCC_WARN_UNUSED_FUNCTION = YES;
				GCC_WARN_UNUSED_VARIABLE = YES;
				IPHONEOS_DEPLOYMENT_TARGET = 10.1;
				MTL_ENABLE_DEBUG_INFO = NO;
				SDKROOT = iphoneos;
				SWIFT_OPTIMIZATION_LEVEL = "-Owholemodule";
				VALIDATE_PRODUCT = YES;
			};
			name = Release;
		};
		C449C4351DE5457800068207 /* Debug */ = {
			isa = XCBuildConfiguration;
			buildSettings = {
				ASSETCATALOG_COMPILER_APPICON_NAME = AppIcon;
				DEVELOPMENT_TEAM = RRX4B88DUB;
				INFOPLIST_FILE = "Cat Years App/Info.plist";
				LD_RUNPATH_SEARCH_PATHS = "$(inherited) @executable_path/Frameworks";
				PRODUCT_BUNDLE_IDENTIFIER = "com.Andrew.Cat-Years-App";
				PRODUCT_NAME = "$(TARGET_NAME)";
				SWIFT_VERSION = 3.0;
			};
			name = Debug;
		};
		C449C4361DE5457800068207 /* Release */ = {
			isa = XCBuildConfiguration;
			buildSettings = {
				ASSETCATALOG_COMPILER_APPICON_NAME = AppIcon;
				DEVELOPMENT_TEAM = RRX4B88DUB;
				INFOPLIST_FILE = "Cat Years App/Info.plist";
				LD_RUNPATH_SEARCH_PATHS = "$(inherited) @executable_path/Frameworks";
				PRODUCT_BUNDLE_IDENTIFIER = "com.Andrew.Cat-Years-App";
				PRODUCT_NAME = "$(TARGET_NAME)";
				SWIFT_VERSION = 3.0;
			};
			name = Release;
		};
/* End XCBuildConfiguration section */

/* Begin XCConfigurationList section */
		C449C41D1DE5457800068207 /* Build configuration list for PBXProject "Cat Years App" */ = {
			isa = XCConfigurationList;
			buildConfigurations = (
				C449C4321DE5457800068207 /* Debug */,
				C449C4331DE5457800068207 /* Release */,
			);
			defaultConfigurationIsVisible = 0;
			defaultConfigurationName = Release;
		};
		C449C4341DE5457800068207 /* Build configuration list for PBXNativeTarget "Cat Years App" */ = {
			isa = XCConfigurationList;
			buildConfigurations = (
				C449C4351DE5457800068207 /* Debug */,
				C449C4361DE5457800068207 /* Release */,
			);
			defaultConfigurationIsVisible = 0;
		};
/* End XCConfigurationList section */
	};
	rootObject = C449C41A1DE5457800068207 /* Project object */;
}
